
Microsoft Visual Studio Solution File, Format Version 12.00
# Visual Studio Version 16
VisualStudioVersion = 16.0.29613.14
MinimumVisualStudioVersion = 10.0.40219.1
Project("{FAE04EC0-301F-11D3-BF4B-00C04F79EFBC}") = "Pancake.Android", "Pancake\Pancake.Android\Pancake.Android.csproj", "{36BE066B-0FB8-4490-B32D-1784978646C8}"
EndProject
Project("{FAE04EC0-301F-11D3-BF4B-00C04F79EFBC}") = "Pancake", "Pancake\Pancake\Pancake.csproj", "{514AF851-6FF3-4DC3-AA1E-E460966C5DCD}"
EndProject
Global
	GlobalSection(SolutionConfigurationPlatforms) = preSolution
		Debug|Any CPU = Debug|Any CPU
		Release|Any CPU = Release|Any CPU
	EndGlobalSection
	GlobalSection(ProjectConfigurationPlatforms) = postSolution
		{36BE066B-0FB8-4490-B32D-1784978646C8}.Debug|Any CPU.ActiveCfg = Debug|Any CPU
		{36BE066B-0FB8-4490-B32D-1784978646C8}.Debug|Any CPU.Build.0 = Debug|Any CPU
		{36BE066B-0FB8-4490-B32D-1784978646C8}.Debug|Any CPU.Deploy.0 = Debug|Any CPU
		{36BE066B-0FB8-4490-B32D-1784978646C8}.Release|Any CPU.ActiveCfg = Release|Any CPU
		{36BE066B-0FB8-4490-B32D-1784978646C8}.Release|Any CPU.Build.0 = Release|Any CPU
		{36BE066B-0FB8-4490-B32D-1784978646C8}.Release|Any CPU.Deploy.0 = Release|Any CPU
		{514AF851-6FF3-4DC3-AA1E-E460966C5DCD}.Debug|Any CPU.ActiveCfg = Debug|Any CPU
		{514AF851-6FF3-4DC3-AA1E-E460966C5DCD}.Debug|Any CPU.Build.0 = Debug|Any CPU
		{514AF851-6FF3-4DC3-AA1E-E460966C5DCD}.Debug|Any CPU.Deploy.0 = Debug|Any CPU
		{514AF851-6FF3-4DC3-AA1E-E460966C5DCD}.Release|Any CPU.ActiveCfg = Release|Any CPU
		{514AF851-6FF3-4DC3-AA1E-E460966C5DCD}.Release|Any CPU.Build.0 = Release|Any CPU
		{514AF851-6FF3-4DC3-AA1E-E460966C5DCD}.Release|Any CPU.Deploy.0 = Release|Any CPU
	EndGlobalSection
	GlobalSection(SolutionProperties) = preSolution
		HideSolutionNode = FALSE
	EndGlobalSection
	GlobalSection(ExtensibilityGlobals) = postSolution
		SolutionGuid = {83B35C5F-5197-48B9-A90E-00729B6FFBA2}
	EndGlobalSection
EndGlobal
